// !$*UTF8*$!
{
	archiveVersion = 1;
	classes = {
	};
	objectVersion = 50;
	objects = {

/* Begin PBXBuildFile section */
		4A394C082462849F00ABCEE2 /* AppDelegate.m in Sources */ = {isa = PBXBuildFile; fileRef = 4A394C072462849F00ABCEE2 /* AppDelegate.m */; };
		4A394C0B2462849F00ABCEE2 /* SceneDelegate.m in Sources */ = {isa = PBXBuildFile; fileRef = 4A394C0A2462849F00ABCEE2 /* SceneDelegate.m */; };
		4A394C0E2462849F00ABCEE2 /* ViewController.m in Sources */ = {isa = PBXBuildFile; fileRef = 4A394C0D2462849F00ABCEE2 /* ViewController.m */; };
		4A394C112462849F00ABCEE2 /* Main.storyboard in Resources */ = {isa = PBXBuildFile; fileRef = 4A394C0F2462849F00ABCEE2 /* Main.storyboard */; };
		4A394C132462849F00ABCEE2 /* Assets.xcassets in Resources */ = {isa = PBXBuildFile; fileRef = 4A394C122462849F00ABCEE2 /* Assets.xcassets */; };
		4A394C162462849F00ABCEE2 /* LaunchScreen.storyboard in Resources */ = {isa = PBXBuildFile; fileRef = 4A394C142462849F00ABCEE2 /* LaunchScreen.storyboard */; };
		4A394C192462849F00ABCEE2 /* main.m in Sources */ = {isa = PBXBuildFile; fileRef = 4A394C182462849F00ABCEE2 /* main.m */; };
		4A394C232462849F00ABCEE2 /* ____OCTests.m in Sources */ = {isa = PBXBuildFile; fileRef = 4A394C222462849F00ABCEE2 /* ____OCTests.m */; };
		4A394C2E2462849F00ABCEE2 /* ____OCUITests.m in Sources */ = {isa = PBXBuildFile; fileRef = 4A394C2D2462849F00ABCEE2 /* ____OCUITests.m */; };
		4A394C3D246285DC00ABCEE2 /* VideoInfo.m in Sources */ = {isa = PBXBuildFile; fileRef = 4A394C3C246285DC00ABCEE2 /* VideoInfo.m */; };
		4A394C402462869F00ABCEE2 /* StatUtility.m in Sources */ = {isa = PBXBuildFile; fileRef = 4A394C3F2462869F00ABCEE2 /* StatUtility.m */; };
/* End PBXBuildFile section */

/* Begin PBXContainerItemProxy section */
		4A394C1F2462849F00ABCEE2 /* PBXContainerItemProxy */ = {
			isa = PBXContainerItemProxy;
			containerPortal = 4A394BFB2462849F00ABCEE2 /* Project object */;
			proxyType = 1;
			remoteGlobalIDString = 4A394C022462849F00ABCEE2;
			remoteInfo = "异常处理OC";
		};
		4A394C2A2462849F00ABCEE2 /* PBXContainerItemProxy */ = {
			isa = PBXContainerItemProxy;
			containerPortal = 4A394BFB2462849F00ABCEE2 /* Project object */;
			proxyType = 1;
			remoteGlobalIDString = 4A394C022462849F00ABCEE2;
			remoteInfo = "异常处理OC";
		};
/* End PBXContainerItemProxy section */

/* Begin PBXFileReference section */
		4A394C032462849F00ABCEE2 /* 异常处理OC.app */ = {isa = PBXFileReference; explicitFileType = wrapper.application; includeInIndex = 0; path = "异常处理OC.app"; sourceTree = BUILT_PRODUCTS_DIR; };
		4A394C062462849F00ABCEE2 /* AppDelegate.h */ = {isa = PBXFileReference; lastKnownFileType = sourcecode.c.h; path = AppDelegate.h; sourceTree = "<group>"; };
		4A394C072462849F00ABCEE2 /* AppDelegate.m */ = {isa = PBXFileReference; lastKnownFileType = sourcecode.c.objc; path = AppDelegate.m; sourceTree = "<group>"; };
		4A394C092462849F00ABCEE2 /* SceneDelegate.h */ = {isa = PBXFileReference; lastKnownFileType = sourcecode.c.h; path = SceneDelegate.h; sourceTree = "<group>"; };
		4A394C0A2462849F00ABCEE2 /* SceneDelegate.m */ = {isa = PBXFileReference; lastKnownFileType = sourcecode.c.objc; path = SceneDelegate.m; sourceTree = "<group>"; };
		4A394C0C2462849F00ABCEE2 /* ViewController.h */ = {isa = PBXFileReference; lastKnownFileType = sourcecode.c.h; path = ViewController.h; sourceTree = "<group>"; };
		4A394C0D2462849F00ABCEE2 /* ViewController.m */ = {isa = PBXFileReference; lastKnownFileType = sourcecode.c.objc; path = ViewController.m; sourceTree = "<group>"; };
		4A394C102462849F00ABCEE2 /* Base */ = {isa = PBXFileReference; lastKnownFileType = file.storyboard; name = Base; path = Base.lproj/Main.storyboard; sourceTree = "<group>"; };
		4A394C122462849F00ABCEE2 /* Assets.xcassets */ = {isa = PBXFileReference; lastKnownFileType = folder.assetcatalog; path = Assets.xcassets; sourceTree = "<group>"; };
		4A394C152462849F00ABCEE2 /* Base */ = {isa = PBXFileReference; lastKnownFileType = file.storyboard; name = Base; path = Base.lproj/LaunchScreen.storyboard; sourceTree = "<group>"; };
		4A394C172462849F00ABCEE2 /* Info.plist */ = {isa = PBXFileReference; lastKnownFileType = text.plist.xml; path = Info.plist; sourceTree = "<group>"; };
		4A394C182462849F00ABCEE2 /* main.m */ = {isa = PBXFileReference; lastKnownFileType = sourcecode.c.objc; path = main.m; sourceTree = "<group>"; };
		4A394C1E2462849F00ABCEE2 /* 异常处理OCTests.xctest */ = {isa = PBXFileReference; explicitFileType = wrapper.cfbundle; includeInIndex = 0; path = "异常处理OCTests.xctest"; sourceTree = BUILT_PRODUCTS_DIR; };
		4A394C222462849F00ABCEE2 /* ____OCTests.m */ = {isa = PBXFileReference; lastKnownFileType = sourcecode.c.objc; path = "____OCTests.m"; sourceTree = "<group>"; };
		4A394C242462849F00ABCEE2 /* Info.plist */ = {isa = PBXFileReference; lastKnownFileType = text.plist.xml; path = Info.plist; sourceTree = "<group>"; };
		4A394C292462849F00ABCEE2 /* 异常处理OCUITests.xctest */ = {isa = PBXFileReference; explicitFileType = wrapper.cfbundle; includeInIndex = 0; path = "异常处理OCUITests.xctest"; sourceTree = BUILT_PRODUCTS_DIR; };
		4A394C2D2462849F00ABCEE2 /* ____OCUITests.m */ = {isa = PBXFileReference; lastKnownFileType = sourcecode.c.objc; path = "____OCUITests.m"; sourceTree = "<group>"; };
		4A394C2F2462849F00ABCEE2 /* Info.plist */ = {isa = PBXFileReference; lastKnownFileType = text.plist.xml; path = Info.plist; sourceTree = "<group>"; };
		4A394C3B246285DC00ABCEE2 /* VideoInfo.h */ = {isa = PBXFileReference; lastKnownFileType = sourcecode.c.h; path = VideoInfo.h; sourceTree = "<group>"; };
		4A394C3C246285DC00ABCEE2 /* VideoInfo.m */ = {isa = PBXFileReference; lastKnownFileType = sourcecode.c.objc; path = VideoInfo.m; sourceTree = "<group>"; };
		4A394C3E2462869F00ABCEE2 /* StatUtility.h */ = {isa = PBXFileReference; lastKnownFileType = sourcecode.c.h; path = StatUtility.h; sourceTree = "<group>"; };
		4A394C3F2462869F00ABCEE2 /* StatUtility.m */ = {isa = PBXFileReference; lastKnownFileType = sourcecode.c.objc; path = StatUtility.m; sourceTree = "<group>"; };
/* End PBXFileReference section */

/* Begin PBXFrameworksBuildPhase section */
		4A394C002462849F00ABCEE2 /* Frameworks */ = {
			isa = PBXFrameworksBuildPhase;
			buildActionMask = 2147483647;
			files = (
			);
			runOnlyForDeploymentPostprocessing = 0;
		};
		4A394C1B2462849F00ABCEE2 /* Frameworks */ = {
			isa = PBXFrameworksBuildPhase;
			buildActionMask = 2147483647;
			files = (
			);
			runOnlyForDeploymentPostprocessing = 0;
		};
		4A394C262462849F00ABCEE2 /* Frameworks */ = {
			isa = PBXFrameworksBuildPhase;
			buildActionMask = 2147483647;
			files = (
			);
			runOnlyForDeploymentPostprocessing = 0;
		};
/* End PBXFrameworksBuildPhase section */

/* Begin PBXGroup section */
		4A394BFA2462849F00ABCEE2 = {
			isa = PBXGroup;
			children = (
				4A394C052462849F00ABCEE2 /* 异常处理OC */,
				4A394C212462849F00ABCEE2 /* 异常处理OCTests */,
				4A394C2C2462849F00ABCEE2 /* 异常处理OCUITests */,
				4A394C042462849F00ABCEE2 /* Products */,
			);
			sourceTree = "<group>";
		};
		4A394C042462849F00ABCEE2 /* Products */ = {
			isa = PBXGroup;
			children = (
				4A394C032462849F00ABCEE2 /* 异常处理OC.app */,
				4A394C1E2462849F00ABCEE2 /* 异常处理OCTests.xctest */,
				4A394C292462849F00ABCEE2 /* 异常处理OCUITests.xctest */,
			);
			name = Products;
			sourceTree = "<group>";
		};
		4A394C052462849F00ABCEE2 /* 异常处理OC */ = {
			isa = PBXGroup;
			children = (
				4A394C062462849F00ABCEE2 /* AppDelegate.h */,
				4A394C072462849F00ABCEE2 /* AppDelegate.m */,
				4A394C092462849F00ABCEE2 /* SceneDelegate.h */,
				4A394C0A2462849F00ABCEE2 /* SceneDelegate.m */,
				4A394C0C2462849F00ABCEE2 /* ViewController.h */,
				4A394C0D2462849F00ABCEE2 /* ViewController.m */,
				4A394C0F2462849F00ABCEE2 /* Main.storyboard */,
				4A394C122462849F00ABCEE2 /* Assets.xcassets */,
				4A394C142462849F00ABCEE2 /* LaunchScreen.storyboard */,
				4A394C172462849F00ABCEE2 /* Info.plist */,
				4A394C182462849F00ABCEE2 /* main.m */,
				4A394C3B246285DC00ABCEE2 /* VideoInfo.h */,
				4A394C3C246285DC00ABCEE2 /* VideoInfo.m */,
				4A394C3E2462869F00ABCEE2 /* StatUtility.h */,
				4A394C3F2462869F00ABCEE2 /* StatUtility.m */,
			);
			path = "异常处理OC";
			sourceTree = "<group>";
		};
		4A394C212462849F00ABCEE2 /* 异常处理OCTests */ = {
			isa = PBXGroup;
			children = (
				4A394C222462849F00ABCEE2 /* ____OCTests.m */,
				4A394C242462849F00ABCEE2 /* Info.plist */,
			);
			path = "异常处理OCTests";
			sourceTree = "<group>";
		};
		4A394C2C2462849F00ABCEE2 /* 异常处理OCUITests */ = {
			isa = PBXGroup;
			children = (
				4A394C2D2462849F00ABCEE2 /* ____OCUITests.m */,
				4A394C2F2462849F00ABCEE2 /* Info.plist */,
			);
			path = "异常处理OCUITests";
			sourceTree = "<group>";
		};
/* End PBXGroup section */

/* Begin PBXNativeTarget section */
		4A394C022462849F00ABCEE2 /* 异常处理OC */ = {
			isa = PBXNativeTarget;
			buildConfigurationList = 4A394C322462849F00ABCEE2 /* Build configuration list for PBXNativeTarget "异常处理OC" */;
			buildPhases = (
				4A394BFF2462849F00ABCEE2 /* Sources */,
				4A394C002462849F00ABCEE2 /* Frameworks */,
				4A394C012462849F00ABCEE2 /* Resources */,
			);
			buildRules = (
			);
			dependencies = (
			);
			name = "异常处理OC";
			productName = "异常处理OC";
			productReference = 4A394C032462849F00ABCEE2 /* 异常处理OC.app */;
			productType = "com.apple.product-type.application";
		};
		4A394C1D2462849F00ABCEE2 /* 异常处理OCTests */ = {
			isa = PBXNativeTarget;
			buildConfigurationList = 4A394C352462849F00ABCEE2 /* Build configuration list for PBXNativeTarget "异常处理OCTests" */;
			buildPhases = (
				4A394C1A2462849F00ABCEE2 /* Sources */,
				4A394C1B2462849F00ABCEE2 /* Frameworks */,
				4A394C1C2462849F00ABCEE2 /* Resources */,
			);
			buildRules = (
			);
			dependencies = (
				4A394C202462849F00ABCEE2 /* PBXTargetDependency */,
			);
			name = "异常处理OCTests";
			productName = "异常处理OCTests";
			productReference = 4A394C1E2462849F00ABCEE2 /* 异常处理OCTests.xctest */;
			productType = "com.apple.product-type.bundle.unit-test";
		};
		4A394C282462849F00ABCEE2 /* 异常处理OCUITests */ = {
			isa = PBXNativeTarget;
			buildConfigurationList = 4A394C382462849F00ABCEE2 /* Build configuration list for PBXNativeTarget "异常处理OCUITests" */;
			buildPhases = (
				4A394C252462849F00ABCEE2 /* Sources */,
				4A394C262462849F00ABCEE2 /* Frameworks */,
				4A394C272462849F00ABCEE2 /* Resources */,
			);
			buildRules = (
			);
			dependencies = (
				4A394C2B2462849F00ABCEE2 /* PBXTargetDependency */,
			);
			name = "异常处理OCUITests";
			productName = "异常处理OCUITests";
			productReference = 4A394C292462849F00ABCEE2 /* 异常处理OCUITests.xctest */;
			productType = "com.apple.product-type.bundle.ui-testing";
		};
/* End PBXNativeTarget section */

/* Begin PBXProject section */
		4A394BFB2462849F00ABCEE2 /* Project object */ = {
			isa = PBXProject;
			attributes = {
				LastUpgradeCheck = 1130;
				ORGANIZATIONNAME = wangwei;
				TargetAttributes = {
					4A394C022462849F00ABCEE2 = {
						CreatedOnToolsVersion = 11.3.1;
					};
					4A394C1D2462849F00ABCEE2 = {
						CreatedOnToolsVersion = 11.3.1;
						TestTargetID = 4A394C022462849F00ABCEE2;
					};
					4A394C282462849F00ABCEE2 = {
						CreatedOnToolsVersion = 11.3.1;
						TestTargetID = 4A394C022462849F00ABCEE2;
					};
				};
			};
			buildConfigurationList = 4A394BFE2462849F00ABCEE2 /* Build configuration list for PBXProject "异常处理OC" */;
			compatibilityVersion = "Xcode 9.3";
			developmentRegion = en;
			hasScannedForEncodings = 0;
			knownRegions = (
				en,
				Base,
			);
			mainGroup = 4A394BFA2462849F00ABCEE2;
			productRefGroup = 4A394C042462849F00ABCEE2 /* Products */;
			projectDirPath = "";
			projectRoot = "";
			targets = (
				4A394C022462849F00ABCEE2 /* 异常处理OC */,
				4A394C1D2462849F00ABCEE2 /* 异常处理OCTests */,
				4A394C282462849F00ABCEE2 /* 异常处理OCUITests */,
			);
		};
/* End PBXProject section */

/* Begin PBXResourcesBuildPhase section */
		4A394C012462849F00ABCEE2 /* Resources */ = {
			isa = PBXResourcesBuildPhase;
			buildActionMask = 2147483647;
			files = (
				4A394C162462849F00ABCEE2 /* LaunchScreen.storyboard in Resources */,
				4A394C132462849F00ABCEE2 /* Assets.xcassets in Resources */,
				4A394C112462849F00ABCEE2 /* Main.storyboard in Resources */,
			);
			runOnlyForDeploymentPostprocessing = 0;
		};
		4A394C1C2462849F00ABCEE2 /* Resources */ = {
			isa = PBXResourcesBuildPhase;
			buildActionMask = 2147483647;
			files = (
			);
			runOnlyForDeploymentPostprocessing = 0;
		};
		4A394C272462849F00ABCEE2 /* Resources */ = {
			isa = PBXResourcesBuildPhase;
			buildActionMask = 2147483647;
			files = (
			);
			runOnlyForDeploymentPostprocessing = 0;
		};
/* End PBXResourcesBuildPhase section */

/* Begin PBXSourcesBuildPhase section */
		4A394BFF2462849F00ABCEE2 /* Sources */ = {
			isa = PBXSourcesBuildPhase;
			buildActionMask = 2147483647;
			files = (
				4A394C0E2462849F00ABCEE2 /* ViewController.m in Sources */,
				4A394C3D246285DC00ABCEE2 /* VideoInfo.m in Sources */,
				4A394C082462849F00ABCEE2 /* AppDelegate.m in Sources */,
				4A394C192462849F00ABCEE2 /* main.m in Sources */,
				4A394C402462869F00ABCEE2 /* StatUtility.m in Sources */,
				4A394C0B2462849F00ABCEE2 /* SceneDelegate.m in Sources */,
			);
			runOnlyForDeploymentPostprocessing = 0;
		};
		4A394C1A2462849F00ABCEE2 /* Sources */ = {
			isa = PBXSourcesBuildPhase;
			buildActionMask = 2147483647;
			files = (
				4A394C232462849F00ABCEE2 /* ____OCTests.m in Sources */,
			);
			runOnlyForDeploymentPostprocessing = 0;
		};
		4A394C252462849F00ABCEE2 /* Sources */ = {
			isa = PBXSourcesBuildPhase;
			buildActionMask = 2147483647;
			files = (
				4A394C2E2462849F00ABCEE2 /* ____OCUITests.m in Sources */,
			);
			runOnlyForDeploymentPostprocessing = 0;
		};
/* End PBXSourcesBuildPhase section */

/* Begin PBXTargetDependency section */
		4A394C202462849F00ABCEE2 /* PBXTargetDependency */ = {
			isa = PBXTargetDependency;
			target = 4A394C022462849F00ABCEE2 /* 异常处理OC */;
			targetProxy = 4A394C1F2462849F00ABCEE2 /* PBXContainerItemProxy */;
		};
		4A394C2B2462849F00ABCEE2 /* PBXTargetDependency */ = {
			isa = PBXTargetDependency;
			target = 4A394C022462849F00ABCEE2 /* 异常处理OC */;
			targetProxy = 4A394C2A2462849F00ABCEE2 /* PBXContainerItemProxy */;
		};
/* End PBXTargetDependency section */

/* Begin PBXVariantGroup section */
		4A394C0F2462849F00ABCEE2 /* Main.storyboard */ = {
			isa = PBXVariantGroup;
			children = (
				4A394C102462849F00ABCEE2 /* Base */,
			);
			name = Main.storyboard;
			sourceTree = "<group>";
		};
		4A394C142462849F00ABCEE2 /* LaunchScreen.storyboard */ = {
			isa = PBXVariantGroup;
			children = (
				4A394C152462849F00ABCEE2 /* Base */,
			);
			name = LaunchScreen.storyboard;
			sourceTree = "<group>";
		};
/* End PBXVariantGroup section */

/* Begin XCBuildConfiguration section */
		4A394C302462849F00ABCEE2 /* Debug */ = {
			isa = XCBuildConfiguration;
			buildSettings = {
				ALWAYS_SEARCH_USER_PATHS = NO;
				CLANG_ANALYZER_NONNULL = YES;
				CLANG_ANALYZER_NUMBER_OBJECT_CONVERSION = YES_AGGRESSIVE;
				CLANG_CXX_LANGUAGE_STANDARD = "gnu++14";
				CLANG_CXX_LIBRARY = "libc++";
				CLANG_ENABLE_MODULES = YES;
				CLANG_ENABLE_OBJC_ARC = YES;
				CLANG_ENABLE_OBJC_WEAK = YES;
				CLANG_WARN_BLOCK_CAPTURE_AUTORELEASING = YES;
				CLANG_WARN_BOOL_CONVERSION = YES;
				CLANG_WARN_COMMA = YES;
				CLANG_WARN_CONSTANT_CONVERSION = YES;
				CLANG_WARN_DEPRECATED_OBJC_IMPLEMENTATIONS = YES;
				CLANG_WARN_DIRECT_OBJC_ISA_USAGE = YES_ERROR;
				CLANG_WARN_DOCUMENTATION_COMMENTS = YES;
				CLANG_WARN_EMPTY_BODY = YES;
				CLANG_WARN_ENUM_CONVERSION = YES;
				CLANG_WARN_INFINITE_RECURSION = YES;
				CLANG_WARN_INT_CONVERSION = YES;
				CLANG_WARN_NON_LITERAL_NULL_CONVERSION = YES;
				CLANG_WARN_OBJC_IMPLICIT_RETAIN_SELF = YES;
				CLANG_WARN_OBJC_LITERAL_CONVERSION = YES;
				CLANG_WARN_OBJC_ROOT_CLASS = YES_ERROR;
				CLANG_WARN_RANGE_LOOP_ANALYSIS = YES;
				CLANG_WARN_STRICT_PROTOTYPES = YES;
				CLANG_WARN_SUSPICIOUS_MOVE = YES;
				CLANG_WARN_UNGUARDED_AVAILABILITY = YES_AGGRESSIVE;
				CLANG_WARN_UNREACHABLE_CODE = YES;
				CLANG_WARN__DUPLICATE_METHOD_MATCH = YES;
				COPY_PHASE_STRIP = NO;
				DEBUG_INFORMATION_FORMAT = dwarf;
				ENABLE_STRICT_OBJC_MSGSEND = YES;
				ENABLE_TESTABILITY = YES;
				GCC_C_LANGUAGE_STANDARD = gnu11;
				GCC_DYNAMIC_NO_PIC = NO;
				GCC_NO_COMMON_BLOCKS = YES;
				GCC_OPTIMIZATION_LEVEL = 0;
				GCC_PREPROCESSOR_DEFINITIONS = (
					"DEBUG=1",
					"$(inherited)",
				);
				GCC_WARN_64_TO_32_BIT_CONVERSION = YES;
				GCC_WARN_ABOUT_RETURN_TYPE = YES_ERROR;
				GCC_WARN_UNDECLARED_SELECTOR = YES;
				GCC_WARN_UNINITIALIZED_AUTOS = YES_AGGRESSIVE;
				GCC_WARN_UNUSED_FUNCTION = YES;
				GCC_WARN_UNUSED_VARIABLE = YES;
				IPHONEOS_DEPLOYMENT_TARGET = 13.2;
				MTL_ENABLE_DEBUG_INFO = INCLUDE_SOURCE;
				MTL_FAST_MATH = YES;
				ONLY_ACTIVE_ARCH = YES;
				SDKROOT = iphoneos;
			};
			name = Debug;
		};
		4A394C312462849F00ABCEE2 /* Release */ = {
			isa = XCBuildConfiguration;
			buildSettings = {
				ALWAYS_SEARCH_USER_PATHS = NO;
				CLANG_ANALYZER_NONNULL = YES;
				CLANG_ANALYZER_NUMBER_OBJECT_CONVERSION = YES_AGGRESSIVE;
				CLANG_CXX_LANGUAGE_STANDARD = "gnu++14";
				CLANG_CXX_LIBRARY = "libc++";
				CLANG_ENABLE_MODULES = YES;
				CLANG_ENABLE_OBJC_ARC = YES;
				CLANG_ENABLE_OBJC_WEAK = YES;
				CLANG_WARN_BLOCK_CAPTURE_AUTORELEASING = YES;
				CLANG_WARN_BOOL_CONVERSION = YES;
				CLANG_WARN_COMMA = YES;
				CLANG_WARN_CONSTANT_CONVERSION = YES;
				CLANG_WARN_DEPRECATED_OBJC_IMPLEMENTATIONS = YES;
				CLANG_WARN_DIRECT_OBJC_ISA_USAGE = YES_ERROR;
				CLANG_WARN_DOCUMENTATION_COMMENTS = YES;
				CLANG_WARN_EMPTY_BODY = YES;
				CLANG_WARN_ENUM_CONVERSION = YES;
				CLANG_WARN_INFINITE_RECURSION = YES;
				CLANG_WARN_INT_CONVERSION = YES;
				CLANG_WARN_NON_LITERAL_NULL_CONVERSION = YES;
				CLANG_WARN_OBJC_IMPLICIT_RETAIN_SELF = YES;
				CLANG_WARN_OBJC_LITERAL_CONVERSION = YES;
				CLANG_WARN_OBJC_ROOT_CLASS = YES_ERROR;
				CLANG_WARN_RANGE_LOOP_ANALYSIS = YES;
				CLANG_WARN_STRICT_PROTOTYPES = YES;
				CLANG_WARN_SUSPICIOUS_MOVE = YES;
				CLANG_WARN_UNGUARDED_AVAILABILITY = YES_AGGRESSIVE;
				CLANG_WARN_UNREACHABLE_CODE = YES;
				CLANG_WARN__DUPLICATE_METHOD_MATCH = YES;
				COPY_PHASE_STRIP = NO;
				DEBUG_INFORMATION_FORMAT = "dwarf-with-dsym";
				ENABLE_NS_ASSERTIONS = NO;
				ENABLE_STRICT_OBJC_MSGSEND = YES;
				GCC_C_LANGUAGE_STANDARD = gnu11;
				GCC_NO_COMMON_BLOCKS = YES;
				GCC_WARN_64_TO_32_BIT_CONVERSION = YES;
				GCC_WARN_ABOUT_RETURN_TYPE = YES_ERROR;
				GCC_WARN_UNDECLARED_SELECTOR = YES;
				GCC_WARN_UNINITIALIZED_AUTOS = YES_AGGRESSIVE;
				GCC_WARN_UNUSED_FUNCTION = YES;
				GCC_WARN_UNUSED_VARIABLE = YES;
				IPHONEOS_DEPLOYMENT_TARGET = 13.2;
				MTL_ENABLE_DEBUG_INFO = NO;
				MTL_FAST_MATH = YES;
				SDKROOT = iphoneos;
				VALIDATE_PRODUCT = YES;
			};
			name = Release;
		};
		4A394C332462849F00ABCEE2 /* Debug */ = {
			isa = XCBuildConfiguration;
			buildSettings = {
				ASSETCATALOG_COMPILER_APPICON_NAME = AppIcon;
				CODE_SIGN_STYLE = Automatic;
				DEVELOPMENT_TEAM = GLG2UNSU66;
				INFOPLIST_FILE = "异常处理OC/Info.plist";
				LD_RUNPATH_SEARCH_PATHS = (
					"$(inherited)",
					"@executable_path/Frameworks",
				);
				PRODUCT_BUNDLE_IDENTIFIER = "wwango.ctrip.com.----OC";
				PRODUCT_NAME = "$(TARGET_NAME)";
				TARGETED_DEVICE_FAMILY = "1,2";
			};
			name = Debug;
		};
		4A394C342462849F00ABCEE2 /* Release */ = {
			isa = XCBuildConfiguration;
			buildSettings = {
				ASSETCATALOG_COMPILER_APPICON_NAME = AppIcon;
				CODE_SIGN_STYLE = Automatic;
				DEVELOPMENT_TEAM = GLG2UNSU66;
				INFOPLIST_FILE = "异常处理OC/Info.plist";
				LD_RUNPATH_SEARCH_PATHS = (
					"$(inherited)",
					"@executable_path/Frameworks",
				);
				PRODUCT_BUNDLE_IDENTIFIER = "wwango.ctrip.com.----OC";
				PRODUCT_NAME = "$(TARGET_NAME)";
				TARGETED_DEVICE_FAMILY = "1,2";
			};
			name = Release;
		};
		4A394C362462849F00ABCEE2 /* Debug */ = {
			isa = XCBuildConfiguration;
			buildSettings = {
				BUNDLE_LOADER = "$(TEST_HOST)";
				CODE_SIGN_STYLE = Automatic;
				DEVELOPMENT_TEAM = GLG2UNSU66;
				INFOPLIST_FILE = "异常处理OCTests/Info.plist";
				IPHONEOS_DEPLOYMENT_TARGET = 13.2;
				LD_RUNPATH_SEARCH_PATHS = (
					"$(inherited)",
					"@executable_path/Frameworks",
					"@loader_path/Frameworks",
				);
				PRODUCT_BUNDLE_IDENTIFIER = "wwango.ctrip.com.----OCTests";
				PRODUCT_NAME = "$(TARGET_NAME)";
				TARGETED_DEVICE_FAMILY = "1,2";
				TEST_HOST = "$(BUILT_PRODUCTS_DIR)/异常处理OC.app/异常处理OC";
			};
			name = Debug;
		};
		4A394C372462849F00ABCEE2 /* Release */ = {
			isa = XCBuildConfiguration;
			buildSettings = {
				BUNDLE_LOADER = "$(TEST_HOST)";
				CODE_SIGN_STYLE = Automatic;
				DEVELOPMENT_TEAM = GLG2UNSU66;
				INFOPLIST_FILE = "异常处理OCTests/Info.plist";
				IPHONEOS_DEPLOYMENT_TARGET = 13.2;
				LD_RUNPATH_SEARCH_PATHS = (
					"$(inherited)",
					"@executable_path/Frameworks",
					"@loader_path/Frameworks",
				);
				PRODUCT_BUNDLE_IDENTIFIER = "wwango.ctrip.com.----OCTests";
				PRODUCT_NAME = "$(TARGET_NAME)";
				TARGETED_DEVICE_FAMILY = "1,2";
				TEST_HOST = "$(BUILT_PRODUCTS_DIR)/异常处理OC.app/异常处理OC";
			};
			name = Release;
		};
		4A394C392462849F00ABCEE2 /* Debug */ = {
			isa = XCBuildConfiguration;
			buildSettings = {
				CODE_SIGN_STYLE = Automatic;
				DEVELOPMENT_TEAM = GLG2UNSU66;
				INFOPLIST_FILE = "异常处理OCUITests/Info.plist";
				LD_RUNPATH_SEARCH_PATHS = (
					"$(inherited)",
					"@executable_path/Frameworks",
					"@loader_path/Frameworks",
				);
				PRODUCT_BUNDLE_IDENTIFIER = "wwango.ctrip.com.----OCUITests";
				PRODUCT_NAME = "$(TARGET_NAME)";
				TARGETED_DEVICE_FAMILY = "1,2";
				TEST_TARGET_NAME = "异常处理OC";
			};
			name = Debug;
		};
		4A394C3A2462849F00ABCEE2 /* Release */ = {
			isa = XCBuildConfiguration;
			buildSettings = {
				CODE_SIGN_STYLE = Automatic;
				DEVELOPMENT_TEAM = GLG2UNSU66;
				INFOPLIST_FILE = "异常处理OCUITests/Info.plist";
				LD_RUNPATH_SEARCH_PATHS = (
					"$(inherited)",
					"@executable_path/Frameworks",
					"@loader_path/Frameworks",
				);
				PRODUCT_BUNDLE_IDENTIFIER = "wwango.ctrip.com.----OCUITests";
				PRODUCT_NAME = "$(TARGET_NAME)";
				TARGETED_DEVICE_FAMILY = "1,2";
				TEST_TARGET_NAME = "异常处理OC";
			};
			name = Release;
		};
/* End XCBuildConfiguration section */

/* Begin XCConfigurationList section */
		4A394BFE2462849F00ABCEE2 /* Build configuration list for PBXProject "异常处理OC" */ = {
			isa = XCConfigurationList;
			buildConfigurations = (
				4A394C302462849F00ABCEE2 /* Debug */,
				4A394C312462849F00ABCEE2 /* Release */,
			);
			defaultConfigurationIsVisible = 0;
			defaultConfigurationName = Release;
		};
		4A394C322462849F00ABCEE2 /* Build configuration list for PBXNativeTarget "异常处理OC" */ = {
			isa = XCConfigurationList;
			buildConfigurations = (
				4A394C332462849F00ABCEE2 /* Debug */,
				4A394C342462849F00ABCEE2 /* Release */,
			);
			defaultConfigurationIsVisible = 0;
			defaultConfigurationName = Release;
		};
		4A394C352462849F00ABCEE2 /* Build configuration list for PBXNativeTarget "异常处理OCTests" */ = {
			isa = XCConfigurationList;
			buildConfigurations = (
				4A394C362462849F00ABCEE2 /* Debug */,
				4A394C372462849F00ABCEE2 /* Release */,
			);
			defaultConfigurationIsVisible = 0;
			defaultConfigurationName = Release;
		};
		4A394C382462849F00ABCEE2 /* Build configuration list for PBXNativeTarget "异常处理OCUITests" */ = {
			isa = XCConfigurationList;
			buildConfigurations = (
				4A394C392462849F00ABCEE2 /* Debug */,
				4A394C3A2462849F00ABCEE2 /* Release */,
			);
			defaultConfigurationIsVisible = 0;
			defaultConfigurationName = Release;
		};
/* End XCConfigurationList section */
	};
	rootObject = 4A394BFB2462849F00ABCEE2 /* Project object */;
}
