// !$*UTF8*$!
{
	archiveVersion = 1;
	classes = {
	};
	objectVersion = 50;
	objects = {

/* Begin PBXBuildFile section */
		4A394BCB2462848500ABCEE2 /* AppDelegate.swift in Sources */ = {isa = PBXBuildFile; fileRef = 4A394BCA2462848500ABCEE2 /* AppDelegate.swift */; };
		4A394BCD2462848500ABCEE2 /* SceneDelegate.swift in Sources */ = {isa = PBXBuildFile; fileRef = 4A394BCC2462848500ABCEE2 /* SceneDelegate.swift */; };
		4A394BCF2462848500ABCEE2 /* ViewController.swift in Sources */ = {isa = PBXBuildFile; fileRef = 4A394BCE2462848500ABCEE2 /* ViewController.swift */; };
		4A394BD22462848500ABCEE2 /* Main.storyboard in Resources */ = {isa = PBXBuildFile; fileRef = 4A394BD02462848500ABCEE2 /* Main.storyboard */; };
		4A394BD42462848600ABCEE2 /* Assets.xcassets in Resources */ = {isa = PBXBuildFile; fileRef = 4A394BD32462848600ABCEE2 /* Assets.xcassets */; };
		4A394BD72462848600ABCEE2 /* LaunchScreen.storyboard in Resources */ = {isa = PBXBuildFile; fileRef = 4A394BD52462848600ABCEE2 /* LaunchScreen.storyboard */; };
		4A394BE22462848700ABCEE2 /* ____Tests.swift in Sources */ = {isa = PBXBuildFile; fileRef = 4A394BE12462848700ABCEE2 /* ____Tests.swift */; };
		4A394BED2462848700ABCEE2 /* ____UITests.swift in Sources */ = {isa = PBXBuildFile; fileRef = 4A394BEC2462848700ABCEE2 /* ____UITests.swift */; };
		4A394C422462A96800ABCEE2 /* Observable.swift in Sources */ = {isa = PBXBuildFile; fileRef = 4A394C412462A96800ABCEE2 /* Observable.swift */; };
/* End PBXBuildFile section */

/* Begin PBXContainerItemProxy section */
		4A394BDE2462848700ABCEE2 /* PBXContainerItemProxy */ = {
			isa = PBXContainerItemProxy;
			containerPortal = 4A394BBF2462848500ABCEE2 /* Project object */;
			proxyType = 1;
			remoteGlobalIDString = 4A394BC62462848500ABCEE2;
			remoteInfo = "异常处理";
		};
		4A394BE92462848700ABCEE2 /* PBXContainerItemProxy */ = {
			isa = PBXContainerItemProxy;
			containerPortal = 4A394BBF2462848500ABCEE2 /* Project object */;
			proxyType = 1;
			remoteGlobalIDString = 4A394BC62462848500ABCEE2;
			remoteInfo = "异常处理";
		};
/* End PBXContainerItemProxy section */

/* Begin PBXFileReference section */
		4A394BC72462848500ABCEE2 /* 异常处理.app */ = {isa = PBXFileReference; explicitFileType = wrapper.application; includeInIndex = 0; path = "异常处理.app"; sourceTree = BUILT_PRODUCTS_DIR; };
		4A394BCA2462848500ABCEE2 /* AppDelegate.swift */ = {isa = PBXFileReference; lastKnownFileType = sourcecode.swift; path = AppDelegate.swift; sourceTree = "<group>"; };
		4A394BCC2462848500ABCEE2 /* SceneDelegate.swift */ = {isa = PBXFileReference; lastKnownFileType = sourcecode.swift; path = SceneDelegate.swift; sourceTree = "<group>"; };
		4A394BCE2462848500ABCEE2 /* ViewController.swift */ = {isa = PBXFileReference; lastKnownFileType = sourcecode.swift; path = ViewController.swift; sourceTree = "<group>"; };
		4A394BD12462848500ABCEE2 /* Base */ = {isa = PBXFileReference; lastKnownFileType = file.storyboard; name = Base; path = Base.lproj/Main.storyboard; sourceTree = "<group>"; };
		4A394BD32462848600ABCEE2 /* Assets.xcassets */ = {isa = PBXFileReference; lastKnownFileType = folder.assetcatalog; path = Assets.xcassets; sourceTree = "<group>"; };
		4A394BD62462848600ABCEE2 /* Base */ = {isa = PBXFileReference; lastKnownFileType = file.storyboard; name = Base; path = Base.lproj/LaunchScreen.storyboard; sourceTree = "<group>"; };
		4A394BD82462848600ABCEE2 /* Info.plist */ = {isa = PBXFileReference; lastKnownFileType = text.plist.xml; path = Info.plist; sourceTree = "<group>"; };
		4A394BDD2462848700ABCEE2 /* 异常处理Tests.xctest */ = {isa = PBXFileReference; explicitFileType = wrapper.cfbundle; includeInIndex = 0; path = "异常处理Tests.xctest"; sourceTree = BUILT_PRODUCTS_DIR; };
		4A394BE12462848700ABCEE2 /* ____Tests.swift */ = {isa = PBXFileReference; lastKnownFileType = sourcecode.swift; path = "____Tests.swift"; sourceTree = "<group>"; };
		4A394BE32462848700ABCEE2 /* Info.plist */ = {isa = PBXFileReference; lastKnownFileType = text.plist.xml; path = Info.plist; sourceTree = "<group>"; };
		4A394BE82462848700ABCEE2 /* 异常处理UITests.xctest */ = {isa = PBXFileReference; explicitFileType = wrapper.cfbundle; includeInIndex = 0; path = "异常处理UITests.xctest"; sourceTree = BUILT_PRODUCTS_DIR; };
		4A394BEC2462848700ABCEE2 /* ____UITests.swift */ = {isa = PBXFileReference; lastKnownFileType = sourcecode.swift; path = "____UITests.swift"; sourceTree = "<group>"; };
		4A394BEE2462848700ABCEE2 /* Info.plist */ = {isa = PBXFileReference; lastKnownFileType = text.plist.xml; path = Info.plist; sourceTree = "<group>"; };
		4A394C412462A96800ABCEE2 /* Observable.swift */ = {isa = PBXFileReference; lastKnownFileType = sourcecode.swift; path = Observable.swift; sourceTree = "<group>"; };
/* End PBXFileReference section */

/* Begin PBXFrameworksBuildPhase section */
		4A394BC42462848500ABCEE2 /* Frameworks */ = {
			isa = PBXFrameworksBuildPhase;
			buildActionMask = 2147483647;
			files = (
			);
			runOnlyForDeploymentPostprocessing = 0;
		};
		4A394BDA2462848700ABCEE2 /* Frameworks */ = {
			isa = PBXFrameworksBuildPhase;
			buildActionMask = 2147483647;
			files = (
			);
			runOnlyForDeploymentPostprocessing = 0;
		};
		4A394BE52462848700ABCEE2 /* Frameworks */ = {
			isa = PBXFrameworksBuildPhase;
			buildActionMask = 2147483647;
			files = (
			);
			runOnlyForDeploymentPostprocessing = 0;
		};
/* End PBXFrameworksBuildPhase section */

/* Begin PBXGroup section */
		4A394BBE2462848500ABCEE2 = {
			isa = PBXGroup;
			children = (
				4A394BC92462848500ABCEE2 /* 异常处理 */,
				4A394BE02462848700ABCEE2 /* 异常处理Tests */,
				4A394BEB2462848700ABCEE2 /* 异常处理UITests */,
				4A394BC82462848500ABCEE2 /* Products */,
			);
			sourceTree = "<group>";
		};
		4A394BC82462848500ABCEE2 /* Products */ = {
			isa = PBXGroup;
			children = (
				4A394BC72462848500ABCEE2 /* 异常处理.app */,
				4A394BDD2462848700ABCEE2 /* 异常处理Tests.xctest */,
				4A394BE82462848700ABCEE2 /* 异常处理UITests.xctest */,
			);
			name = Products;
			sourceTree = "<group>";
		};
		4A394BC92462848500ABCEE2 /* 异常处理 */ = {
			isa = PBXGroup;
			children = (
				4A394BCA2462848500ABCEE2 /* AppDelegate.swift */,
				4A394BCC2462848500ABCEE2 /* SceneDelegate.swift */,
				4A394BCE2462848500ABCEE2 /* ViewController.swift */,
				4A394BD02462848500ABCEE2 /* Main.storyboard */,
				4A394BD32462848600ABCEE2 /* Assets.xcassets */,
				4A394BD52462848600ABCEE2 /* LaunchScreen.storyboard */,
				4A394BD82462848600ABCEE2 /* Info.plist */,
				4A394C412462A96800ABCEE2 /* Observable.swift */,
			);
			path = "异常处理";
			sourceTree = "<group>";
		};
		4A394BE02462848700ABCEE2 /* 异常处理Tests */ = {
			isa = PBXGroup;
			children = (
				4A394BE12462848700ABCEE2 /* ____Tests.swift */,
				4A394BE32462848700ABCEE2 /* Info.plist */,
			);
			path = "异常处理Tests";
			sourceTree = "<group>";
		};
		4A394BEB2462848700ABCEE2 /* 异常处理UITests */ = {
			isa = PBXGroup;
			children = (
				4A394BEC2462848700ABCEE2 /* ____UITests.swift */,
				4A394BEE2462848700ABCEE2 /* Info.plist */,
			);
			path = "异常处理UITests";
			sourceTree = "<group>";
		};
/* End PBXGroup section */

/* Begin PBXNativeTarget section */
		4A394BC62462848500ABCEE2 /* 异常处理 */ = {
			isa = PBXNativeTarget;
			buildConfigurationList = 4A394BF12462848700ABCEE2 /* Build configuration list for PBXNativeTarget "异常处理" */;
			buildPhases = (
				4A394BC32462848500ABCEE2 /* Sources */,
				4A394BC42462848500ABCEE2 /* Frameworks */,
				4A394BC52462848500ABCEE2 /* Resources */,
			);
			buildRules = (
			);
			dependencies = (
			);
			name = "异常处理";
			productName = "异常处理";
			productReference = 4A394BC72462848500ABCEE2 /* 异常处理.app */;
			productType = "com.apple.product-type.application";
		};
		4A394BDC2462848700ABCEE2 /* 异常处理Tests */ = {
			isa = PBXNativeTarget;
			buildConfigurationList = 4A394BF42462848700ABCEE2 /* Build configuration list for PBXNativeTarget "异常处理Tests" */;
			buildPhases = (
				4A394BD92462848700ABCEE2 /* Sources */,
				4A394BDA2462848700ABCEE2 /* Frameworks */,
				4A394BDB2462848700ABCEE2 /* Resources */,
			);
			buildRules = (
			);
			dependencies = (
				4A394BDF2462848700ABCEE2 /* PBXTargetDependency */,
			);
			name = "异常处理Tests";
			productName = "异常处理Tests";
			productReference = 4A394BDD2462848700ABCEE2 /* 异常处理Tests.xctest */;
			productType = "com.apple.product-type.bundle.unit-test";
		};
		4A394BE72462848700ABCEE2 /* 异常处理UITests */ = {
			isa = PBXNativeTarget;
			buildConfigurationList = 4A394BF72462848700ABCEE2 /* Build configuration list for PBXNativeTarget "异常处理UITests" */;
			buildPhases = (
				4A394BE42462848700ABCEE2 /* Sources */,
				4A394BE52462848700ABCEE2 /* Frameworks */,
				4A394BE62462848700ABCEE2 /* Resources */,
			);
			buildRules = (
			);
			dependencies = (
				4A394BEA2462848700ABCEE2 /* PBXTargetDependency */,
			);
			name = "异常处理UITests";
			productName = "异常处理UITests";
			productReference = 4A394BE82462848700ABCEE2 /* 异常处理UITests.xctest */;
			productType = "com.apple.product-type.bundle.ui-testing";
		};
/* End PBXNativeTarget section */

/* Begin PBXProject section */
		4A394BBF2462848500ABCEE2 /* Project object */ = {
			isa = PBXProject;
			attributes = {
				LastSwiftUpdateCheck = 1130;
				LastUpgradeCheck = 1130;
				ORGANIZATIONNAME = wangwei;
				TargetAttributes = {
					4A394BC62462848500ABCEE2 = {
						CreatedOnToolsVersion = 11.3.1;
					};
					4A394BDC2462848700ABCEE2 = {
						CreatedOnToolsVersion = 11.3.1;
						TestTargetID = 4A394BC62462848500ABCEE2;
					};
					4A394BE72462848700ABCEE2 = {
						CreatedOnToolsVersion = 11.3.1;
						TestTargetID = 4A394BC62462848500ABCEE2;
					};
				};
			};
			buildConfigurationList = 4A394BC22462848500ABCEE2 /* Build configuration list for PBXProject "异常处理" */;
			compatibilityVersion = "Xcode 9.3";
			developmentRegion = en;
			hasScannedForEncodings = 0;
			knownRegions = (
				en,
				Base,
			);
			mainGroup = 4A394BBE2462848500ABCEE2;
			productRefGroup = 4A394BC82462848500ABCEE2 /* Products */;
			projectDirPath = "";
			projectRoot = "";
			targets = (
				4A394BC62462848500ABCEE2 /* 异常处理 */,
				4A394BDC2462848700ABCEE2 /* 异常处理Tests */,
				4A394BE72462848700ABCEE2 /* 异常处理UITests */,
			);
		};
/* End PBXProject section */

/* Begin PBXResourcesBuildPhase section */
		4A394BC52462848500ABCEE2 /* Resources */ = {
			isa = PBXResourcesBuildPhase;
			buildActionMask = 2147483647;
			files = (
				4A394BD72462848600ABCEE2 /* LaunchScreen.storyboard in Resources */,
				4A394BD42462848600ABCEE2 /* Assets.xcassets in Resources */,
				4A394BD22462848500ABCEE2 /* Main.storyboard in Resources */,
			);
			runOnlyForDeploymentPostprocessing = 0;
		};
		4A394BDB2462848700ABCEE2 /* Resources */ = {
			isa = PBXResourcesBuildPhase;
			buildActionMask = 2147483647;
			files = (
			);
			runOnlyForDeploymentPostprocessing = 0;
		};
		4A394BE62462848700ABCEE2 /* Resources */ = {
			isa = PBXResourcesBuildPhase;
			buildActionMask = 2147483647;
			files = (
			);
			runOnlyForDeploymentPostprocessing = 0;
		};
/* End PBXResourcesBuildPhase section */

/* Begin PBXSourcesBuildPhase section */
		4A394BC32462848500ABCEE2 /* Sources */ = {
			isa = PBXSourcesBuildPhase;
			buildActionMask = 2147483647;
			files = (
				4A394BCF2462848500ABCEE2 /* ViewController.swift in Sources */,
				4A394C422462A96800ABCEE2 /* Observable.swift in Sources */,
				4A394BCB2462848500ABCEE2 /* AppDelegate.swift in Sources */,
				4A394BCD2462848500ABCEE2 /* SceneDelegate.swift in Sources */,
			);
			runOnlyForDeploymentPostprocessing = 0;
		};
		4A394BD92462848700ABCEE2 /* Sources */ = {
			isa = PBXSourcesBuildPhase;
			buildActionMask = 2147483647;
			files = (
				4A394BE22462848700ABCEE2 /* ____Tests.swift in Sources */,
			);
			runOnlyForDeploymentPostprocessing = 0;
		};
		4A394BE42462848700ABCEE2 /* Sources */ = {
			isa = PBXSourcesBuildPhase;
			buildActionMask = 2147483647;
			files = (
				4A394BED2462848700ABCEE2 /* ____UITests.swift in Sources */,
			);
			runOnlyForDeploymentPostprocessing = 0;
		};
/* End PBXSourcesBuildPhase section */

/* Begin PBXTargetDependency section */
		4A394BDF2462848700ABCEE2 /* PBXTargetDependency */ = {
			isa = PBXTargetDependency;
			target = 4A394BC62462848500ABCEE2 /* 异常处理 */;
			targetProxy = 4A394BDE2462848700ABCEE2 /* PBXContainerItemProxy */;
		};
		4A394BEA2462848700ABCEE2 /* PBXTargetDependency */ = {
			isa = PBXTargetDependency;
			target = 4A394BC62462848500ABCEE2 /* 异常处理 */;
			targetProxy = 4A394BE92462848700ABCEE2 /* PBXContainerItemProxy */;
		};
/* End PBXTargetDependency section */

/* Begin PBXVariantGroup section */
		4A394BD02462848500ABCEE2 /* Main.storyboard */ = {
			isa = PBXVariantGroup;
			children = (
				4A394BD12462848500ABCEE2 /* Base */,
			);
			name = Main.storyboard;
			sourceTree = "<group>";
		};
		4A394BD52462848600ABCEE2 /* LaunchScreen.storyboard */ = {
			isa = PBXVariantGroup;
			children = (
				4A394BD62462848600ABCEE2 /* Base */,
			);
			name = LaunchScreen.storyboard;
			sourceTree = "<group>";
		};
/* End PBXVariantGroup section */

/* Begin XCBuildConfiguration section */
		4A394BEF2462848700ABCEE2 /* Debug */ = {
			isa = XCBuildConfiguration;
			buildSettings = {
				ALWAYS_SEARCH_USER_PATHS = NO;
				CLANG_ANALYZER_NONNULL = YES;
				CLANG_ANALYZER_NUMBER_OBJECT_CONVERSION = YES_AGGRESSIVE;
				CLANG_CXX_LANGUAGE_STANDARD = "gnu++14";
				CLANG_CXX_LIBRARY = "libc++";
				CLANG_ENABLE_MODULES = YES;
				CLANG_ENABLE_OBJC_ARC = YES;
				CLANG_ENABLE_OBJC_WEAK = YES;
				CLANG_WARN_BLOCK_CAPTURE_AUTORELEASING = YES;
				CLANG_WARN_BOOL_CONVERSION = YES;
				CLANG_WARN_COMMA = YES;
				CLANG_WARN_CONSTANT_CONVERSION = YES;
				CLANG_WARN_DEPRECATED_OBJC_IMPLEMENTATIONS = YES;
				CLANG_WARN_DIRECT_OBJC_ISA_USAGE = YES_ERROR;
				CLANG_WARN_DOCUMENTATION_COMMENTS = YES;
				CLANG_WARN_EMPTY_BODY = YES;
				CLANG_WARN_ENUM_CONVERSION = YES;
				CLANG_WARN_INFINITE_RECURSION = YES;
				CLANG_WARN_INT_CONVERSION = YES;
				CLANG_WARN_NON_LITERAL_NULL_CONVERSION = YES;
				CLANG_WARN_OBJC_IMPLICIT_RETAIN_SELF = YES;
				CLANG_WARN_OBJC_LITERAL_CONVERSION = YES;
				CLANG_WARN_OBJC_ROOT_CLASS = YES_ERROR;
				CLANG_WARN_RANGE_LOOP_ANALYSIS = YES;
				CLANG_WARN_STRICT_PROTOTYPES = YES;
				CLANG_WARN_SUSPICIOUS_MOVE = YES;
				CLANG_WARN_UNGUARDED_AVAILABILITY = YES_AGGRESSIVE;
				CLANG_WARN_UNREACHABLE_CODE = YES;
				CLANG_WARN__DUPLICATE_METHOD_MATCH = YES;
				COPY_PHASE_STRIP = NO;
				DEBUG_INFORMATION_FORMAT = dwarf;
				ENABLE_STRICT_OBJC_MSGSEND = YES;
				ENABLE_TESTABILITY = YES;
				GCC_C_LANGUAGE_STANDARD = gnu11;
				GCC_DYNAMIC_NO_PIC = NO;
				GCC_NO_COMMON_BLOCKS = YES;
				GCC_OPTIMIZATION_LEVEL = 0;
				GCC_PREPROCESSOR_DEFINITIONS = (
					"DEBUG=1",
					"$(inherited)",
				);
				GCC_WARN_64_TO_32_BIT_CONVERSION = YES;
				GCC_WARN_ABOUT_RETURN_TYPE = YES_ERROR;
				GCC_WARN_UNDECLARED_SELECTOR = YES;
				GCC_WARN_UNINITIALIZED_AUTOS = YES_AGGRESSIVE;
				GCC_WARN_UNUSED_FUNCTION = YES;
				GCC_WARN_UNUSED_VARIABLE = YES;
				IPHONEOS_DEPLOYMENT_TARGET = 13.2;
				MTL_ENABLE_DEBUG_INFO = INCLUDE_SOURCE;
				MTL_FAST_MATH = YES;
				ONLY_ACTIVE_ARCH = YES;
				SDKROOT = iphoneos;
				SWIFT_ACTIVE_COMPILATION_CONDITIONS = DEBUG;
				SWIFT_OPTIMIZATION_LEVEL = "-Onone";
			};
			name = Debug;
		};
		4A394BF02462848700ABCEE2 /* Release */ = {
			isa = XCBuildConfiguration;
			buildSettings = {
				ALWAYS_SEARCH_USER_PATHS = NO;
				CLANG_ANALYZER_NONNULL = YES;
				CLANG_ANALYZER_NUMBER_OBJECT_CONVERSION = YES_AGGRESSIVE;
				CLANG_CXX_LANGUAGE_STANDARD = "gnu++14";
				CLANG_CXX_LIBRARY = "libc++";
				CLANG_ENABLE_MODULES = YES;
				CLANG_ENABLE_OBJC_ARC = YES;
				CLANG_ENABLE_OBJC_WEAK = YES;
				CLANG_WARN_BLOCK_CAPTURE_AUTORELEASING = YES;
				CLANG_WARN_BOOL_CONVERSION = YES;
				CLANG_WARN_COMMA = YES;
				CLANG_WARN_CONSTANT_CONVERSION = YES;
				CLANG_WARN_DEPRECATED_OBJC_IMPLEMENTATIONS = YES;
				CLANG_WARN_DIRECT_OBJC_ISA_USAGE = YES_ERROR;
				CLANG_WARN_DOCUMENTATION_COMMENTS = YES;
				CLANG_WARN_EMPTY_BODY = YES;
				CLANG_WARN_ENUM_CONVERSION = YES;
				CLANG_WARN_INFINITE_RECURSION = YES;
				CLANG_WARN_INT_CONVERSION = YES;
				CLANG_WARN_NON_LITERAL_NULL_CONVERSION = YES;
				CLANG_WARN_OBJC_IMPLICIT_RETAIN_SELF = YES;
				CLANG_WARN_OBJC_LITERAL_CONVERSION = YES;
				CLANG_WARN_OBJC_ROOT_CLASS = YES_ERROR;
				CLANG_WARN_RANGE_LOOP_ANALYSIS = YES;
				CLANG_WARN_STRICT_PROTOTYPES = YES;
				CLANG_WARN_SUSPICIOUS_MOVE = YES;
				CLANG_WARN_UNGUARDED_AVAILABILITY = YES_AGGRESSIVE;
				CLANG_WARN_UNREACHABLE_CODE = YES;
				CLANG_WARN__DUPLICATE_METHOD_MATCH = YES;
				COPY_PHASE_STRIP = NO;
				DEBUG_INFORMATION_FORMAT = "dwarf-with-dsym";
				ENABLE_NS_ASSERTIONS = NO;
				ENABLE_STRICT_OBJC_MSGSEND = YES;
				GCC_C_LANGUAGE_STANDARD = gnu11;
				GCC_NO_COMMON_BLOCKS = YES;
				GCC_WARN_64_TO_32_BIT_CONVERSION = YES;
				GCC_WARN_ABOUT_RETURN_TYPE = YES_ERROR;
				GCC_WARN_UNDECLARED_SELECTOR = YES;
				GCC_WARN_UNINITIALIZED_AUTOS = YES_AGGRESSIVE;
				GCC_WARN_UNUSED_FUNCTION = YES;
				GCC_WARN_UNUSED_VARIABLE = YES;
				IPHONEOS_DEPLOYMENT_TARGET = 13.2;
				MTL_ENABLE_DEBUG_INFO = NO;
				MTL_FAST_MATH = YES;
				SDKROOT = iphoneos;
				SWIFT_COMPILATION_MODE = wholemodule;
				SWIFT_OPTIMIZATION_LEVEL = "-O";
				VALIDATE_PRODUCT = YES;
			};
			name = Release;
		};
		4A394BF22462848700ABCEE2 /* Debug */ = {
			isa = XCBuildConfiguration;
			buildSettings = {
				ASSETCATALOG_COMPILER_APPICON_NAME = AppIcon;
				CODE_SIGN_STYLE = Automatic;
				DEVELOPMENT_TEAM = GLG2UNSU66;
				INFOPLIST_FILE = "异常处理/Info.plist";
				LD_RUNPATH_SEARCH_PATHS = (
					"$(inherited)",
					"@executable_path/Frameworks",
				);
				PRODUCT_BUNDLE_IDENTIFIER = "wwango.ctrip.com.----";
				PRODUCT_NAME = "$(TARGET_NAME)";
				SWIFT_VERSION = 5.0;
				TARGETED_DEVICE_FAMILY = "1,2";
			};
			name = Debug;
		};
		4A394BF32462848700ABCEE2 /* Release */ = {
			isa = XCBuildConfiguration;
			buildSettings = {
				ASSETCATALOG_COMPILER_APPICON_NAME = AppIcon;
				CODE_SIGN_STYLE = Automatic;
				DEVELOPMENT_TEAM = GLG2UNSU66;
				INFOPLIST_FILE = "异常处理/Info.plist";
				LD_RUNPATH_SEARCH_PATHS = (
					"$(inherited)",
					"@executable_path/Frameworks",
				);
				PRODUCT_BUNDLE_IDENTIFIER = "wwango.ctrip.com.----";
				PRODUCT_NAME = "$(TARGET_NAME)";
				SWIFT_VERSION = 5.0;
				TARGETED_DEVICE_FAMILY = "1,2";
			};
			name = Release;
		};
		4A394BF52462848700ABCEE2 /* Debug */ = {
			isa = XCBuildConfiguration;
			buildSettings = {
				ALWAYS_EMBED_SWIFT_STANDARD_LIBRARIES = YES;
				BUNDLE_LOADER = "$(TEST_HOST)";
				CODE_SIGN_STYLE = Automatic;
				DEVELOPMENT_TEAM = GLG2UNSU66;
				INFOPLIST_FILE = "异常处理Tests/Info.plist";
				IPHONEOS_DEPLOYMENT_TARGET = 13.2;
				LD_RUNPATH_SEARCH_PATHS = (
					"$(inherited)",
					"@executable_path/Frameworks",
					"@loader_path/Frameworks",
				);
				PRODUCT_BUNDLE_IDENTIFIER = "wwango.ctrip.com.----Tests";
				PRODUCT_NAME = "$(TARGET_NAME)";
				SWIFT_VERSION = 5.0;
				TARGETED_DEVICE_FAMILY = "1,2";
				TEST_HOST = "$(BUILT_PRODUCTS_DIR)/异常处理.app/异常处理";
			};
			name = Debug;
		};
		4A394BF62462848700ABCEE2 /* Release */ = {
			isa = XCBuildConfiguration;
			buildSettings = {
				ALWAYS_EMBED_SWIFT_STANDARD_LIBRARIES = YES;
				BUNDLE_LOADER = "$(TEST_HOST)";
				CODE_SIGN_STYLE = Automatic;
				DEVELOPMENT_TEAM = GLG2UNSU66;
				INFOPLIST_FILE = "异常处理Tests/Info.plist";
				IPHONEOS_DEPLOYMENT_TARGET = 13.2;
				LD_RUNPATH_SEARCH_PATHS = (
					"$(inherited)",
					"@executable_path/Frameworks",
					"@loader_path/Frameworks",
				);
				PRODUCT_BUNDLE_IDENTIFIER = "wwango.ctrip.com.----Tests";
				PRODUCT_NAME = "$(TARGET_NAME)";
				SWIFT_VERSION = 5.0;
				TARGETED_DEVICE_FAMILY = "1,2";
				TEST_HOST = "$(BUILT_PRODUCTS_DIR)/异常处理.app/异常处理";
			};
			name = Release;
		};
		4A394BF82462848700ABCEE2 /* Debug */ = {
			isa = XCBuildConfiguration;
			buildSettings = {
				ALWAYS_EMBED_SWIFT_STANDARD_LIBRARIES = YES;
				CODE_SIGN_STYLE = Automatic;
				DEVELOPMENT_TEAM = GLG2UNSU66;
				INFOPLIST_FILE = "异常处理UITests/Info.plist";
				LD_RUNPATH_SEARCH_PATHS = (
					"$(inherited)",
					"@executable_path/Frameworks",
					"@loader_path/Frameworks",
				);
				PRODUCT_BUNDLE_IDENTIFIER = "wwango.ctrip.com.----UITests";
				PRODUCT_NAME = "$(TARGET_NAME)";
				SWIFT_VERSION = 5.0;
				TARGETED_DEVICE_FAMILY = "1,2";
				TEST_TARGET_NAME = "异常处理";
			};
			name = Debug;
		};
		4A394BF92462848700ABCEE2 /* Release */ = {
			isa = XCBuildConfiguration;
			buildSettings = {
				ALWAYS_EMBED_SWIFT_STANDARD_LIBRARIES = YES;
				CODE_SIGN_STYLE = Automatic;
				DEVELOPMENT_TEAM = GLG2UNSU66;
				INFOPLIST_FILE = "异常处理UITests/Info.plist";
				LD_RUNPATH_SEARCH_PATHS = (
					"$(inherited)",
					"@executable_path/Frameworks",
					"@loader_path/Frameworks",
				);
				PRODUCT_BUNDLE_IDENTIFIER = "wwango.ctrip.com.----UITests";
				PRODUCT_NAME = "$(TARGET_NAME)";
				SWIFT_VERSION = 5.0;
				TARGETED_DEVICE_FAMILY = "1,2";
				TEST_TARGET_NAME = "异常处理";
			};
			name = Release;
		};
/* End XCBuildConfiguration section */

/* Begin XCConfigurationList section */
		4A394BC22462848500ABCEE2 /* Build configuration list for PBXProject "异常处理" */ = {
			isa = XCConfigurationList;
			buildConfigurations = (
				4A394BEF2462848700ABCEE2 /* Debug */,
				4A394BF02462848700ABCEE2 /* Release */,
			);
			defaultConfigurationIsVisible = 0;
			defaultConfigurationName = Release;
		};
		4A394BF12462848700ABCEE2 /* Build configuration list for PBXNativeTarget "异常处理" */ = {
			isa = XCConfigurationList;
			buildConfigurations = (
				4A394BF22462848700ABCEE2 /* Debug */,
				4A394BF32462848700ABCEE2 /* Release */,
			);
			defaultConfigurationIsVisible = 0;
			defaultConfigurationName = Release;
		};
		4A394BF42462848700ABCEE2 /* Build configuration list for PBXNativeTarget "异常处理Tests" */ = {
			isa = XCConfigurationList;
			buildConfigurations = (
				4A394BF52462848700ABCEE2 /* Debug */,
				4A394BF62462848700ABCEE2 /* Release */,
			);
			defaultConfigurationIsVisible = 0;
			defaultConfigurationName = Release;
		};
		4A394BF72462848700ABCEE2 /* Build configuration list for PBXNativeTarget "异常处理UITests" */ = {
			isa = XCConfigurationList;
			buildConfigurations = (
				4A394BF82462848700ABCEE2 /* Debug */,
				4A394BF92462848700ABCEE2 /* Release */,
			);
			defaultConfigurationIsVisible = 0;
			defaultConfigurationName = Release;
		};
/* End XCConfigurationList section */
	};
	rootObject = 4A394BBF2462848500ABCEE2 /* Project object */;
}
